# THIS IS AN AUTOGENERATED FILE. DO NOT EDIT THIS FILE DIRECTLY.
# yarn lockfile v1


"@babel/runtime@^7.1.2":
  version "7.23.2"
  resolved "https://registry.yarnpkg.com/@babel/runtime/-/runtime-7.23.2.tgz#062b0ac103261d68a966c4c7baf2ae3e62ec3885"
  integrity sha512-mM8eg4yl5D6i3lu2QKPuPH4FArvJ8KhTofbE7jwMUv9KX5mBvwPAqnV3MlyBNqdp9RyRKP6Yck8TrfYrPvX3bg==
  dependencies:
    regenerator-runtime "^0.14.0"

"@types/d3-array@^3.0.3":
  version "3.0.8"
  resolved "https://registry.yarnpkg.com/@types/d3-array/-/d3-array-3.0.8.tgz#a5d0687a12b48142c6f124d5e3796054e91bcea5"
  integrity sha512-2xAVyAUgaXHX9fubjcCbGAUOqYfRJN1em1EKR2HfzWBpObZhwfnZKvofTN4TplMqJdFQao61I+NVSai/vnBvDQ==

"@types/d3-color@*":
  version "3.1.1"
  resolved "https://registry.yarnpkg.com/@types/d3-color/-/d3-color-3.1.1.tgz#43a2aa7836fdae19ce32fabe97742e787f4b2e08"
  integrity sha512-CSAVrHAtM9wfuLJ2tpvvwCU/F22sm7rMHNN+yh9D6O6hyAms3+O0cgMpC1pm6UEUMOntuZC8bMt74PteiDUdCg==

"@types/d3-ease@^3.0.0":
  version "3.0.0"
  resolved "https://registry.yarnpkg.com/@types/d3-ease/-/d3-ease-3.0.0.tgz#c29926f8b596f9dadaeca062a32a45365681eae0"
  integrity sha512-aMo4eaAOijJjA6uU+GIeW018dvy9+oH5Y2VPPzjjfxevvGQ/oRDs+tfYC9b50Q4BygRR8yE2QCLsrT0WtAVseA==

"@types/d3-interpolate@^3.0.1":
  version "3.0.2"
  resolved "https://registry.yarnpkg.com/@types/d3-interpolate/-/d3-interpolate-3.0.2.tgz#b5928cca26fc20dbfe689ff37d62f7bac434c74e"
  integrity sha512-zAbCj9lTqW9J9PlF4FwnvEjXZUy75NQqPm7DMHZXuxCFTpuTrdK2NMYGQekf4hlasL78fCYOLu4EE3/tXElwow==
  dependencies:
    "@types/d3-color" "*"

"@types/d3-path@*":
  version "3.0.0"
  resolved "https://registry.yarnpkg.com/@types/d3-path/-/d3-path-3.0.0.tgz#939e3a784ae4f80b1fde8098b91af1776ff1312b"
  integrity sha512-0g/A+mZXgFkQxN3HniRDbXMN79K3CdTpLsevj+PXiTcb2hVyvkZUBg37StmgCQkaD84cUJ4uaDAWq7UJOQy2Tg==

"@types/d3-scale@^4.0.2":
  version "4.0.5"
  resolved "https://registry.yarnpkg.com/@types/d3-scale/-/d3-scale-4.0.5.tgz#daa4faa5438315a37a1f5eb1bcdc5aeb3d3e5a2d"
  integrity sha512-w/C++3W394MHzcLKO2kdsIn5KKNTOqeQVzyPSGPLzQbkPw/jpeaGtSRlakcKevGgGsjJxGsbqS0fPrVFDbHrDA==
  dependencies:
    "@types/d3-time" "*"

"@types/d3-shape@^3.1.0":
  version "3.1.3"
  resolved "https://registry.yarnpkg.com/@types/d3-shape/-/d3-shape-3.1.3.tgz#20eee7aad70f2562041af18e305fec6b48fd511d"
  integrity sha512-cHMdIq+rhF5IVwAV7t61pcEXfEHsEsrbBUPkFGBwTXuxtTAkBBrnrNA8++6OWm3jwVsXoZYQM8NEekg6CPJ3zw==
  dependencies:
    "@types/d3-path" "*"

"@types/d3-time@*", "@types/d3-time@^3.0.0":
  version "3.0.1"
  resolved "https://registry.yarnpkg.com/@types/d3-time/-/d3-time-3.0.1.tgz#f0c8f9037632cc4511ae55e7e1459dcb95fb3619"
  integrity sha512-5j/AnefKAhCw4HpITmLDTPlf4vhi8o/dES+zbegfPb7LaGfNyqkLxBR6E+4yvTAgnJLmhe80EXFMzUs38fw4oA==

"@types/d3-timer@^3.0.0":
  version "3.0.0"
  resolved "https://registry.yarnpkg.com/@types/d3-timer/-/d3-timer-3.0.0.tgz#e2505f1c21ec08bda8915238e397fb71d2fc54ce"
  integrity sha512-HNB/9GHqu7Fo8AQiugyJbv6ZxYz58wef0esl4Mv828w1ZKpAshw/uFWVDUcIB9KKFeFKoxS3cHY07FFgtTRZ1g==

classnames@^2.2.5:
  version "2.3.2"
  resolved "https://registry.yarnpkg.com/classnames/-/classnames-2.3.2.tgz#351d813bf0137fcc6a76a16b88208d2560a0d924"
  integrity sha512-CSbhY4cFEJRe6/GQzIk5qXZ4Jeg5pcsP7b5peFSDpffpe1cqjASH/n9UTjBwOp6XpMSTwQ8Za2K5V02ueA7Tmw==

"d3-array@2 - 3", "d3-array@2.10.0 - 3", d3-array@^3.1.6:
  version "3.2.4"
  resolved "https://registry.yarnpkg.com/d3-array/-/d3-array-3.2.4.tgz#15fec33b237f97ac5d7c986dc77da273a8ed0bb5"
  integrity sha512-tdQAmyA18i4J7wprpYq8ClcxZy3SC31QMeByyCFyRt7BVHdREQZ5lpzoe5mFEYZUWe+oq8HBvk9JjpibyEV4Jg==
  dependencies:
    internmap "1 - 2"

"d3-color@1 - 3":
  version "3.1.0"
  resolved "https://registry.yarnpkg.com/d3-color/-/d3-color-3.1.0.tgz#395b2833dfac71507f12ac2f7af23bf819de24e2"
  integrity sha512-zg/chbXyeBtMQ1LbD/WSoW2DpC3I0mpmPdW+ynRTj/x2DAWYrIY7qeZIHidozwV24m4iavr15lNwIwLxRmOxhA==

d3-ease@^3.0.1:
  version "3.0.1"
  resolved "https://registry.yarnpkg.com/d3-ease/-/d3-ease-3.0.1.tgz#9658ac38a2140d59d346160f1f6c30fda0bd12f4"
  integrity sha512-wR/XK3D3XcLIZwpbvQwQ5fK+8Ykds1ip7A2Txe0yxncXSdq1L9skcG7blcedkOX+ZcgxGAmLX1FrRGbADwzi0w==

"d3-format@1 - 3":
  version "3.1.0"
  resolved "https://registry.yarnpkg.com/d3-format/-/d3-format-3.1.0.tgz#9260e23a28ea5cb109e93b21a06e24e2ebd55641"
  integrity sha512-YyUI6AEuY/Wpt8KWLgZHsIU86atmikuoOmCfommt0LYHiQSPjvX2AcFc38PX0CBpr2RCyZhjex+NS/LPOv6YqA==

"d3-interpolate@1.2.0 - 3", d3-interpolate@^3.0.1:
  version "3.0.1"
  resolved "https://registry.yarnpkg.com/d3-interpolate/-/d3-interpolate-3.0.1.tgz#3c47aa5b32c5b3dfb56ef3fd4342078a632b400d"
  integrity sha512-3bYs1rOD33uo8aqJfKP3JWPAibgw8Zm2+L9vBKEHJ2Rg+viTR7o5Mmv5mZcieN+FRYaAOWX5SJATX6k1PWz72g==
  dependencies:
    d3-color "1 - 3"

d3-path@^3.1.0:
  version "3.1.0"
  resolved "https://registry.yarnpkg.com/d3-path/-/d3-path-3.1.0.tgz#22df939032fb5a71ae8b1800d61ddb7851c42526"
  integrity sha512-p3KP5HCf/bvjBSSKuXid6Zqijx7wIfNW+J/maPs+iwR35at5JCbLUT0LzF1cnjbCHWhqzQTIN2Jpe8pRebIEFQ==

d3-scale@^4.0.2:
  version "4.0.2"
  resolved "https://registry.yarnpkg.com/d3-scale/-/d3-scale-4.0.2.tgz#82b38e8e8ff7080764f8dcec77bd4be393689396"
  integrity sha512-GZW464g1SH7ag3Y7hXjf8RoUuAFIqklOAq3MRl4OaWabTFJY9PN/E1YklhXLh+OQ3fM9yS2nOkCoS+WLZ6kvxQ==
  dependencies:
    d3-array "2.10.0 - 3"
    d3-format "1 - 3"
    d3-interpolate "1.2.0 - 3"
    d3-time "2.1.1 - 3"
    d3-time-format "2 - 4"

d3-shape@^3.1.0:
  version "3.2.0"
  resolved "https://registry.yarnpkg.com/d3-shape/-/d3-shape-3.2.0.tgz#a1a839cbd9ba45f28674c69d7f855bcf91dfc6a5"
  integrity sha512-SaLBuwGm3MOViRq2ABk3eLoxwZELpH6zhl3FbAoJ7Vm1gofKx6El1Ib5z23NUEhF9AsGl7y+dzLe5Cw2AArGTA==
  dependencies:
    d3-path "^3.1.0"

"d3-time-format@2 - 4":
  version "4.1.0"
  resolved "https://registry.yarnpkg.com/d3-time-format/-/d3-time-format-4.1.0.tgz#7ab5257a5041d11ecb4fe70a5c7d16a195bb408a"
  integrity sha512-dJxPBlzC7NugB2PDLwo9Q8JiTR3M3e4/XANkreKSUxF8vvXKqm1Yfq4Q5dl8budlunRVlUUaDUgFt7eA8D6NLg==
  dependencies:
    d3-time "1 - 3"

"d3-time@1 - 3", "d3-time@2.1.1 - 3", d3-time@^3.0.0:
  version "3.1.0"
  resolved "https://registry.yarnpkg.com/d3-time/-/d3-time-3.1.0.tgz#9310db56e992e3c0175e1ef385e545e48a9bb5c7"
  integrity sha512-VqKjzBLejbSMT4IgbmVgDjpkYrNWUYJnbCGo874u7MMKIWsILRX+OpX/gTk8MqjpT1A/c6HY2dCA77ZN0lkQ2Q==
  dependencies:
    d3-array "2 - 3"

d3-timer@^3.0.1:
  version "3.0.1"
  resolved "https://registry.yarnpkg.com/d3-timer/-/d3-timer-3.0.1.tgz#6284d2a2708285b1abb7e201eda4380af35e63b0"
  integrity sha512-ndfJ/JxxMd3nw31uyKoY2naivF+r29V+Lc0svZxe1JvvIRmi8hUsrMvdOwgS1o6uBHmiz91geQ0ylPP0aj1VUA==

decimal.js-light@^2.4.1:
  version "2.5.1"
  resolved "https://registry.yarnpkg.com/decimal.js-light/-/decimal.js-light-2.5.1.tgz#134fd32508f19e208f4fb2f8dac0d2626a867934"
  integrity sha512-qIMFpTMZmny+MMIitAB6D7iVPEorVw6YQRWkvarTkT4tBeSLLiHzcwj6q0MmYSFCiVpiqPJTJEYIrpcPzVEIvg==

dom-helpers@^3.4.0:
  version "3.4.0"
  resolved "https://registry.yarnpkg.com/dom-helpers/-/dom-helpers-3.4.0.tgz#e9b369700f959f62ecde5a6babde4bccd9169af8"
  integrity sha512-LnuPJ+dwqKDIyotW1VzmOZ5TONUN7CwkCR5hrgawTUbkBGYdeoNLZo6nNfGkCrjtE1nXXaj7iMMpDa8/d9WoIA==
  dependencies:
    "@babel/runtime" "^7.1.2"

eventemitter3@^4.0.1:
  version "4.0.7"
  resolved "https://registry.yarnpkg.com/eventemitter3/-/eventemitter3-4.0.7.tgz#2de9b68f6528d5644ef5c59526a1b4a07306169f"
  integrity sha512-8guHBZCwKnFhYdHr2ysuRWErTwhoN2X8XELRlrRwpmfeY2jjuUN4taQMsULKUVo1K4DvZl+0pgfyoysHxvmvEw==

fast-equals@^5.0.0:
  version "5.0.1"
  resolved "https://registry.yarnpkg.com/fast-equals/-/fast-equals-5.0.1.tgz#a4eefe3c5d1c0d021aeed0bc10ba5e0c12ee405d"
  integrity sha512-WF1Wi8PwwSY7/6Kx0vKXtw8RwuSGoM1bvDaJbu7MxDlR1vovZjIAKrnzyrThgAjm6JDTu0fVgWXDlMGspodfoQ==

"internmap@1 - 2":
  version "2.0.3"
  resolved "https://registry.yarnpkg.com/internmap/-/internmap-2.0.3.tgz#6685f23755e43c524e251d29cbc97248e3061009"
  integrity sha512-5Hh7Y1wQbvY5ooGgPbDaL5iYLAPzMTUrjMulskHLH6wnv/A+1q5rgEaiuqEjB+oxGXIVZs1FF+R/KPN3ZSQYYg==

"js-tokens@^3.0.0 || ^4.0.0":
  version "4.0.0"
  resolved "https://registry.yarnpkg.com/js-tokens/-/js-tokens-4.0.0.tgz#19203fb59991df98e3a287050d4647cdeaf32499"
  integrity sha512-RdJUflcE3cUzKiMqQgsCu06FPu9UdIJO0beYbPhHN4k6apgJtifcoCtT9bcxOpYBtpD2kCM6Sbzg4CausW/PKQ==

lodash@^4.17.19, lodash@^4.17.21:
  version "4.17.21"
  resolved "https://registry.yarnpkg.com/lodash/-/lodash-4.17.21.tgz#679591c564c3bffaae8454cf0b3df370c3d6911c"
  integrity sha512-v2kDEe57lecTulaDIuNTPy3Ry4gLGJ6Z1O3vE1krgXZNrsQ+LFTGHVxVjcXPs17LhbZVGedAJv8XZ1tvj5FvSg==

loose-envify@^1.4.0:
  version "1.4.0"
  resolved "https://registry.yarnpkg.com/loose-envify/-/loose-envify-1.4.0.tgz#71ee51fa7be4caec1a63839f7e682d8132d30caf"
  integrity sha512-lyuxPGr/Wfhrlem2CL/UcnUc1zcqKAImBDzukY7Y5F/yQiNdko6+fRLevlw1HgMySw7f611UIY408EtxRSoK3Q==
  dependencies:
    js-tokens "^3.0.0 || ^4.0.0"

object-assign@^4.1.1:
  version "4.1.1"
  resolved "https://registry.yarnpkg.com/object-assign/-/object-assign-4.1.1.tgz#2109adc7965887cfc05cbbd442cac8bfbb360863"
  integrity sha512-rJgTQnkUnH1sFw8yT6VSU3zD3sWmu6sZhIseY8VX+GRu3P6F7Fu+JNDoXfklElbLJSnc3FUQHVe4cU5hj+BcUg==

prop-types@^15.6.2:
  version "15.8.1"
  resolved "https://registry.yarnpkg.com/prop-types/-/prop-types-15.8.1.tgz#67d87bf1a694f48435cf332c24af10214a3140b5"
  integrity sha512-oj87CgZICdulUohogVAR7AjlC0327U4el4L6eAvOqCeudMDVU0NThNaV+b9Df4dXgSP1gXMTnPdhfe/2qDH5cg==
  dependencies:
    loose-envify "^1.4.0"
    object-assign "^4.1.1"
    react-is "^16.13.1"

react-is@^16.10.2, react-is@^16.13.1:
  version "16.13.1"
  resolved "https://registry.yarnpkg.com/react-is/-/react-is-16.13.1.tgz#789729a4dc36de2999dc156dd6c1d9c18cea56a4"
  integrity sha512-24e6ynE2H+OKt4kqsOvNd8kBpV65zoxbA4BVsEOB3ARVWQki/DHzaUoC5KuON/BiccDaCCTZBuOcfZs70kR8bQ==

react-lifecycles-compat@^3.0.4:
  version "3.0.4"
  resolved "https://registry.yarnpkg.com/react-lifecycles-compat/-/react-lifecycles-compat-3.0.4.tgz#4f1a273afdfc8f3488a8c516bfda78f872352362"
  integrity sha512-fBASbA6LnOU9dOU2eW7aQ8xmYBSXUIWr+UmF9b1efZBazGNO+rcXT/icdKnYm2pTwcRylVUYwW7H1PHfLekVzA==

react-resize-detector@^8.0.4:
  version "8.1.0"
  resolved "https://registry.yarnpkg.com/react-resize-detector/-/react-resize-detector-8.1.0.tgz#1c7817db8bc886e2dbd3fbe3b26ea8e56be0524a"
  integrity sha512-S7szxlaIuiy5UqLhLL1KY3aoyGHbZzsTpYal9eYMwCyKqoqoVLCmIgAgNyIM1FhnP2KyBygASJxdhejrzjMb+w==
  dependencies:
    lodash "^4.17.21"

react-smooth@^2.0.4:
  version "2.0.5"
  resolved "https://registry.yarnpkg.com/react-smooth/-/react-smooth-2.0.5.tgz#d153b7dffc7143d0c99e82db1532f8cf93f20ecd"
  integrity sha512-BMP2Ad42tD60h0JW6BFaib+RJuV5dsXJK9Baxiv/HlNFjvRLqA9xrNKxVWnUIZPQfzUwGXIlU/dSYLU+54YGQA==
  dependencies:
    fast-equals "^5.0.0"
    react-transition-group "2.9.0"

react-transition-group@2.9.0:
  version "2.9.0"
  resolved "https://registry.yarnpkg.com/react-transition-group/-/react-transition-group-2.9.0.tgz#df9cdb025796211151a436c69a8f3b97b5b07c8d"
  integrity sha512-+HzNTCHpeQyl4MJ/bdE0u6XRMe9+XG/+aL4mCxVN4DnPBQ0/5bfHWPDuOZUzYdMj94daZaZdCCc1Dzt9R/xSSg==
  dependencies:
    dom-helpers "^3.4.0"
    loose-envify "^1.4.0"
    prop-types "^15.6.2"
    react-lifecycles-compat "^3.0.4"

recharts-scale@^0.4.4:
  version "0.4.5"
  resolved "https://registry.yarnpkg.com/recharts-scale/-/recharts-scale-0.4.5.tgz#0969271f14e732e642fcc5bd4ab270d6e87dd1d9"
  integrity sha512-kivNFO+0OcUNu7jQquLXAxz1FIwZj8nrj+YkOKc5694NbjCvcT6aSZiIzNzd2Kul4o4rTto8QVR9lMNtxD4G1w==
  dependencies:
    decimal.js-light "^2.4.1"

recharts@^2.9.0:
  version "2.9.0"
  resolved "https://registry.yarnpkg.com/recharts/-/recharts-2.9.0.tgz#dde7531298cffe8677b1206967830d34f7972ea6"
  integrity sha512-cVgiAU3W5UrA8nRRV/N0JrudgZzY/vjkzrlShbH+EFo1vs4nMlXgshZWLI0DfDLmn4/p4pF7Lq7F5PU+K94Ipg==
  dependencies:
    classnames "^2.2.5"
    eventemitter3 "^4.0.1"
    lodash "^4.17.19"
    react-is "^16.10.2"
    react-resize-detector "^8.0.4"
    react-smooth "^2.0.4"
    recharts-scale "^0.4.4"
    tiny-invariant "^1.3.1"
    victory-vendor "^36.6.8"

regenerator-runtime@^0.14.0:
  version "0.14.0"
  resolved "https://registry.yarnpkg.com/regenerator-runtime/-/regenerator-runtime-0.14.0.tgz#5e19d68eb12d486f797e15a3c6a918f7cec5eb45"
  integrity sha512-srw17NI0TUWHuGa5CFGGmhfNIeja30WMBfbslPNhf6JrqQlLN5gcrvig1oqPxiVaXb0oW0XRKtH6Nngs5lKCIA==

tiny-invariant@^1.3.1:
  version "1.3.1"
  resolved "https://registry.yarnpkg.com/tiny-invariant/-/tiny-invariant-1.3.1.tgz#8560808c916ef02ecfd55e66090df23a4b7aa642"
  integrity sha512-AD5ih2NlSssTCwsMznbvwMZpJ1cbhkGd2uueNxzv2jDlEeZdU04JQfRnggJQ8DrcVBGjAsCKwFBbDlVNtEMlzw==

victory-vendor@^36.6.8:
  version "36.6.11"
  resolved "https://registry.yarnpkg.com/victory-vendor/-/victory-vendor-36.6.11.tgz#acae770717c2dae541a54929c304ecab5ab6ac2a"
  integrity sha512-nT8kCiJp8dQh8g991J/R5w5eE2KnO8EAIP0xocWlh9l2okngMWglOPoMZzJvek8Q1KUc4XE/mJxTZnvOB1sTYg==
  dependencies:
    "@types/d3-array" "^3.0.3"
    "@types/d3-ease" "^3.0.0"
    "@types/d3-interpolate" "^3.0.1"
    "@types/d3-scale" "^4.0.2"
    "@types/d3-shape" "^3.1.0"
    "@types/d3-time" "^3.0.0"
    "@types/d3-timer" "^3.0.0"
    d3-array "^3.1.6"
    d3-ease "^3.0.1"
    d3-interpolate "^3.0.1"
    d3-scale "^4.0.2"
    d3-shape "^3.1.0"
    d3-time "^3.0.0"
    d3-timer "^3.0.1"
